PODS:
  - desktop_drop (0.0.1):
    - FlutterMacOS
  - FlutterMacOS (1.0.0)

DEPENDENCIES:
  - desktop_drop (from `Flutter/ephemeral/.symlinks/plugins/desktop_drop/macos`)
  - FlutterMacOS (from `Flutter/ephemeral`)

EXTERNAL SOURCES:
  desktop_drop:
    :path: Flutter/ephemeral/.symlinks/plugins/desktop_drop/macos
  FlutterMacOS:
    :path: Flutter/ephemeral

SPEC CHECKSUMS:
  desktop_drop: 69eeff437544aa619c8db7f4481b3a65f7696898
  FlutterMacOS: 8f6f14fa908a6fb3fba0cd85dbd81ec4b251fb24

PODFILE CHECKSUM: 204b828462de0be1ac5c43af48c296c14e1c8fa7

COCOAPODS: 1.12.1
